
Microsoft Visual Studio Solution File, Format Version 12.00
# Visual Studio 15
VisualStudioVersion = 15.0.27130.2020
MinimumVisualStudioVersion = 10.0.40219.1
Project("{FAE04EC0-301F-11D3-BF4B-00C04F79EFBC}") = "WebApplication1", "WebApplication1\WebApplication1.csproj", "{A2B216F7-80AA-4765-869A-BF2A5EFB6623}"
EndProject
Project("{FAE04EC0-301F-11D3-BF4B-00C04F79EFBC}") = "ApiCrud.BO", "ApiCrud.BO\ApiCrud.BO.csproj", "{BDB2B7FC-D055-4DC1-8ABE-75F8CC2F3FFF}"
EndProject
Project("{FAE04EC0-301F-11D3-BF4B-00C04F79EFBC}") = "APICrud.API", "APICrud.API\APICrud.API.csproj", "{8FD9CFCD-BD12-47D1-8224-E924909E669F}"
EndProject
Global
	GlobalSection(SolutionConfigurationPlatforms) = preSolution
		Debug|Any CPU = Debug|Any CPU
		Release|Any CPU = Release|Any CPU
	EndGlobalSection
	GlobalSection(ProjectConfigurationPlatforms) = postSolution
		{A2B216F7-80AA-4765-869A-BF2A5EFB6623}.Debug|Any CPU.ActiveCfg = Debug|Any CPU
		{A2B216F7-80AA-4765-869A-BF2A5EFB6623}.Debug|Any CPU.Build.0 = Debug|Any CPU
		{A2B216F7-80AA-4765-869A-BF2A5EFB6623}.Release|Any CPU.ActiveCfg = Release|Any CPU
		{A2B216F7-80AA-4765-869A-BF2A5EFB6623}.Release|Any CPU.Build.0 = Release|Any CPU
		{BDB2B7FC-D055-4DC1-8ABE-75F8CC2F3FFF}.Debug|Any CPU.ActiveCfg = Debug|Any CPU
		{BDB2B7FC-D055-4DC1-8ABE-75F8CC2F3FFF}.Debug|Any CPU.Build.0 = Debug|Any CPU
		{BDB2B7FC-D055-4DC1-8ABE-75F8CC2F3FFF}.Release|Any CPU.ActiveCfg = Release|Any CPU
		{BDB2B7FC-D055-4DC1-8ABE-75F8CC2F3FFF}.Release|Any CPU.Build.0 = Release|Any CPU
		{8FD9CFCD-BD12-47D1-8224-E924909E669F}.Debug|Any CPU.ActiveCfg = Debug|Any CPU
		{8FD9CFCD-BD12-47D1-8224-E924909E669F}.Debug|Any CPU.Build.0 = Debug|Any CPU
		{8FD9CFCD-BD12-47D1-8224-E924909E669F}.Release|Any CPU.ActiveCfg = Release|Any CPU
		{8FD9CFCD-BD12-47D1-8224-E924909E669F}.Release|Any CPU.Build.0 = Release|Any CPU
	EndGlobalSection
	GlobalSection(SolutionProperties) = preSolution
		HideSolutionNode = FALSE
	EndGlobalSection
	GlobalSection(ExtensibilityGlobals) = postSolution
		SolutionGuid = {DBD0984C-D065-4C3E-A41B-707C8340DE02}
	EndGlobalSection
EndGlobal
